
Microsoft Visual Studio Solution File, Format Version 12.00
# Visual Studio 15
VisualStudioVersion = 15.0.27004.2005
MinimumVisualStudioVersion = 10.0.40219.1
Project("{8BC9CEB8-8B4A-11D0-8D11-00A0C91BC942}") = "Midas", "Midas\Midas.vcxproj", "{2EA67506-2D2B-4374-A775-98141B9DBECA}"
EndProject
Global
	GlobalSection(SolutionConfigurationPlatforms) = preSolution
		Debug|ARM = Debug|ARM
		Debug|ARM64 = Debug|ARM64
		Debug|x64 = Debug|x64
		Debug|x86 = Debug|x86
		Release|ARM = Release|ARM
		Release|ARM64 = Release|ARM64
		Release|x64 = Release|x64
		Release|x86 = Release|x86
	EndGlobalSection
	GlobalSection(ProjectConfigurationPlatforms) = postSolution
		{2EA67506-2D2B-4374-A775-98141B9DBECA}.Debug|ARM.ActiveCfg = Debug|ARM
		{2EA67506-2D2B-4374-A775-98141B9DBECA}.Debug|ARM.Build.0 = Debug|ARM
		{2EA67506-2D2B-4374-A775-98141B9DBECA}.Debug|ARM.Deploy.0 = Debug|ARM
		{2EA67506-2D2B-4374-A775-98141B9DBECA}.Debug|ARM64.ActiveCfg = Debug|ARM64
		{2EA67506-2D2B-4374-A775-98141B9DBECA}.Debug|ARM64.Build.0 = Debug|ARM64
		{2EA67506-2D2B-4374-A775-98141B9DBECA}.Debug|ARM64.Deploy.0 = Debug|ARM64
		{2EA67506-2D2B-4374-A775-98141B9DBECA}.Debug|x64.ActiveCfg = Debug|x64
		{2EA67506-2D2B-4374-A775-98141B9DBECA}.Debug|x64.Build.0 = Debug|x64
		{2EA67506-2D2B-4374-A775-98141B9DBECA}.Debug|x64.Deploy.0 = Debug|x64
		{2EA67506-2D2B-4374-A775-98141B9DBECA}.Debug|x86.ActiveCfg = Debug|Win32
		{2EA67506-2D2B-4374-A775-98141B9DBECA}.Debug|x86.Build.0 = Debug|Win32
		{2EA67506-2D2B-4374-A775-98141B9DBECA}.Debug|x86.Deploy.0 = Debug|Win32
		{2EA67506-2D2B-4374-A775-98141B9DBECA}.Release|ARM.ActiveCfg = Release|ARM
		{2EA67506-2D2B-4374-A775-98141B9DBECA}.Release|ARM.Build.0 = Release|ARM
		{2EA67506-2D2B-4374-A775-98141B9DBECA}.Release|ARM.Deploy.0 = Release|ARM
		{2EA67506-2D2B-4374-A775-98141B9DBECA}.Release|ARM64.ActiveCfg = Release|ARM64
		{2EA67506-2D2B-4374-A775-98141B9DBECA}.Release|ARM64.Build.0 = Release|ARM64
		{2EA67506-2D2B-4374-A775-98141B9DBECA}.Release|ARM64.Deploy.0 = Release|ARM64
		{2EA67506-2D2B-4374-A775-98141B9DBECA}.Release|x64.ActiveCfg = Release|x64
		{2EA67506-2D2B-4374-A775-98141B9DBECA}.Release|x64.Build.0 = Release|x64
		{2EA67506-2D2B-4374-A775-98141B9DBECA}.Release|x64.Deploy.0 = Release|x64
		{2EA67506-2D2B-4374-A775-98141B9DBECA}.Release|x86.ActiveCfg = Release|Win32
		{2EA67506-2D2B-4374-A775-98141B9DBECA}.Release|x86.Build.0 = Release|Win32
		{2EA67506-2D2B-4374-A775-98141B9DBECA}.Release|x86.Deploy.0 = Release|Win32
	EndGlobalSection
	GlobalSection(SolutionProperties) = preSolution
		HideSolutionNode = FALSE
	EndGlobalSection
	GlobalSection(ExtensibilityGlobals) = postSolution
		SolutionGuid = {A63C0508-85E1-4438-8A5A-1B64E94DF403}
	EndGlobalSection
EndGlobal
